
Microsoft Visual Studio Solution File, Format Version 12.00
Project("{2150E333-8FDC-42A3-9474-1A3956D46DE8}") = "Chapters", "Chapters", "{404E6EF3-D405-44C8-851A-583262DB41A7}"
EndProject
Project("{2150E333-8FDC-42A3-9474-1A3956D46DE8}") = "Chapter01", "Chapter01", "{5059D273-CF98-4C5A-9630-4C270B11BF68}"
EndProject
Project("{2150E333-8FDC-42A3-9474-1A3956D46DE8}") = "HelloCS", "HelloCS", "{C828DB9C-0FAE-4640-AF83-13DB5D028EF8}"
EndProject
Project("{FAE04EC0-301F-11D3-BF4B-00C04F79EFBC}") = "Hello", "Hello\Hello.csproj", "{A9B4EFD5-ADAB-459D-988E-AB0170C1316A}"
EndProject
Project("{2150E333-8FDC-42A3-9474-1A3956D46DE8}") = "NewCS", "NewCS", "{7D2F6B49-3656-4B56-92F5-DAADD7B2A708}"
EndProject
Project("{FAE04EC0-301F-11D3-BF4B-00C04F79EFBC}") = "NewCS", "NewCS\NewCS.csproj", "{3DAA9FCD-B9AA-40DA-AF57-3205BFA41906}"
EndProject
Project("{2150E333-8FDC-42A3-9474-1A3956D46DE8}") = "Chapter02", "Chapter02", "{8B118A93-F985-434A-AC46-E6400A3B852A}"
EndProject
Project("{2150E333-8FDC-42A3-9474-1A3956D46DE8}") = "BaseToString", "BaseToString", "{B0D50D0C-A047-4617-9036-AACAE203AE69}"
EndProject
Project("{FAE04EC0-301F-11D3-BF4B-00C04F79EFBC}") = "BaseToStringAndBack", "BaseToStringAndBack\BaseToStringAndBack.csproj", "{C271A2DB-DF94-4935-B42B-C8CD59B5DF3E}"
EndProject
Global
	GlobalSection(SolutionConfigurationPlatforms) = preSolution
		Debug|Any CPU = Debug|Any CPU
		Release|Any CPU = Release|Any CPU
	EndGlobalSection
	GlobalSection(NestedProjects) = preSolution
		{5059D273-CF98-4C5A-9630-4C270B11BF68} = {404E6EF3-D405-44C8-851A-583262DB41A7}
		{C828DB9C-0FAE-4640-AF83-13DB5D028EF8} = {5059D273-CF98-4C5A-9630-4C270B11BF68}
		{A9B4EFD5-ADAB-459D-988E-AB0170C1316A} = {C828DB9C-0FAE-4640-AF83-13DB5D028EF8}
		{7D2F6B49-3656-4B56-92F5-DAADD7B2A708} = {5059D273-CF98-4C5A-9630-4C270B11BF68}
		{3DAA9FCD-B9AA-40DA-AF57-3205BFA41906} = {7D2F6B49-3656-4B56-92F5-DAADD7B2A708}
		{8B118A93-F985-434A-AC46-E6400A3B852A} = {404E6EF3-D405-44C8-851A-583262DB41A7}
		{B0D50D0C-A047-4617-9036-AACAE203AE69} = {8B118A93-F985-434A-AC46-E6400A3B852A}
		{C271A2DB-DF94-4935-B42B-C8CD59B5DF3E} = {B0D50D0C-A047-4617-9036-AACAE203AE69}
	EndGlobalSection
	GlobalSection(ProjectConfigurationPlatforms) = postSolution
		{A9B4EFD5-ADAB-459D-988E-AB0170C1316A}.Debug|Any CPU.ActiveCfg = Debug|Any CPU
		{A9B4EFD5-ADAB-459D-988E-AB0170C1316A}.Debug|Any CPU.Build.0 = Debug|Any CPU
		{A9B4EFD5-ADAB-459D-988E-AB0170C1316A}.Release|Any CPU.ActiveCfg = Release|Any CPU
		{A9B4EFD5-ADAB-459D-988E-AB0170C1316A}.Release|Any CPU.Build.0 = Release|Any CPU
		{3DAA9FCD-B9AA-40DA-AF57-3205BFA41906}.Debug|Any CPU.ActiveCfg = Debug|Any CPU
		{3DAA9FCD-B9AA-40DA-AF57-3205BFA41906}.Debug|Any CPU.Build.0 = Debug|Any CPU
		{3DAA9FCD-B9AA-40DA-AF57-3205BFA41906}.Release|Any CPU.ActiveCfg = Release|Any CPU
		{3DAA9FCD-B9AA-40DA-AF57-3205BFA41906}.Release|Any CPU.Build.0 = Release|Any CPU
		{C271A2DB-DF94-4935-B42B-C8CD59B5DF3E}.Debug|Any CPU.ActiveCfg = Debug|Any CPU
		{C271A2DB-DF94-4935-B42B-C8CD59B5DF3E}.Debug|Any CPU.Build.0 = Debug|Any CPU
		{C271A2DB-DF94-4935-B42B-C8CD59B5DF3E}.Release|Any CPU.ActiveCfg = Release|Any CPU
		{C271A2DB-DF94-4935-B42B-C8CD59B5DF3E}.Release|Any CPU.Build.0 = Release|Any CPU
	EndGlobalSection
EndGlobal
